
Microsoft Visual Studio Solution File, Format Version 12.00
# Visual Studio 2013
VisualStudioVersion = 12.0.40629.0
MinimumVisualStudioVersion = 10.0.40219.1
Project("{FAE04EC0-301F-11D3-BF4B-00C04F79EFBC}") = "cips-beta", "cips-beta.csproj", "{23C198EF-9C13-4B8B-BA50-1E67B4AA4AF2}"
EndProject
Global
	GlobalSection(SolutionConfigurationPlatforms) = preSolution
		Debug|Any CPU = Debug|Any CPU
		Release|Any CPU = Release|Any CPU
	EndGlobalSection
	GlobalSection(ProjectConfigurationPlatforms) = postSolution
		{23C198EF-9C13-4B8B-BA50-1E67B4AA4AF2}.Debug|Any CPU.ActiveCfg = Debug|Any CPU
		{23C198EF-9C13-4B8B-BA50-1E67B4AA4AF2}.Debug|Any CPU.Build.0 = Debug|Any CPU
		{23C198EF-9C13-4B8B-BA50-1E67B4AA4AF2}.Release|Any CPU.ActiveCfg = Release|Any CPU
		{23C198EF-9C13-4B8B-BA50-1E67B4AA4AF2}.Release|Any CPU.Build.0 = Release|Any CPU
	EndGlobalSection
	GlobalSection(SolutionProperties) = preSolution
		HideSolutionNode = FALSE
	EndGlobalSection
EndGlobal
